
Microsoft Visual Studio Solution File, Format Version 12.00
# Visual Studio Version 17
VisualStudioVersion = 17.12.35527.113
MinimumVisualStudioVersion = 10.0.40219.1
Project("{FAE04EC0-301F-11D3-BF4B-00C04F79EFBC}") = "pr03", "pr03.csproj", "{4D687D31-3D5D-4AED-BA83-6CEBA9EE14C8}"
EndProject
Project("{2150E333-8FDC-42A3-9474-1A3956D46DE8}") = "Solution Items", "Solution Items", "{9184A267-E4E6-422E-93F1-4770E3F7AC24}"
EndProject
Global
	GlobalSection(SolutionConfigurationPlatforms) = preSolution
		Debug|Any CPU = Debug|Any CPU
		Release|Any CPU = Release|Any CPU
	EndGlobalSection
	GlobalSection(ProjectConfigurationPlatforms) = postSolution
		{4D687D31-3D5D-4AED-BA83-6CEBA9EE14C8}.Debug|Any CPU.ActiveCfg = Debug|Any CPU
		{4D687D31-3D5D-4AED-BA83-6CEBA9EE14C8}.Debug|Any CPU.Build.0 = Debug|Any CPU
		{4D687D31-3D5D-4AED-BA83-6CEBA9EE14C8}.Release|Any CPU.ActiveCfg = Release|Any CPU
		{4D687D31-3D5D-4AED-BA83-6CEBA9EE14C8}.Release|Any CPU.Build.0 = Release|Any CPU
	EndGlobalSection
	GlobalSection(SolutionProperties) = preSolution
		HideSolutionNode = FALSE
	EndGlobalSection
EndGlobal
