
Microsoft Visual Studio Solution File, Format Version 12.00
# Visual Studio Version 17
VisualStudioVersion = 17.12.35527.113 d17.12
MinimumVisualStudioVersion = 10.0.40219.1
Project("{FAE04EC0-301F-11D3-BF4B-00C04F79EFBC}") = "PR09", "PR09.csproj", "{CBF92302-2220-4699-A2CC-E2971F85035B}"
EndProject
Project("{FAE04EC0-301F-11D3-BF4B-00C04F79EFBC}") = "sdkgnsjkdhngsj", "..\sdkgnsjkdhngsj\sdkgnsjkdhngsj.csproj", "{45D169A8-A849-4C87-9E9A-24F0DC6A90CD}"
EndProject
Global
	GlobalSection(SolutionConfigurationPlatforms) = preSolution
		Debug|Any CPU = Debug|Any CPU
		Release|Any CPU = Release|Any CPU
	EndGlobalSection
	GlobalSection(ProjectConfigurationPlatforms) = postSolution
		{CBF92302-2220-4699-A2CC-E2971F85035B}.Debug|Any CPU.ActiveCfg = Debug|Any CPU
		{CBF92302-2220-4699-A2CC-E2971F85035B}.Debug|Any CPU.Build.0 = Debug|Any CPU
		{CBF92302-2220-4699-A2CC-E2971F85035B}.Release|Any CPU.ActiveCfg = Release|Any CPU
		{CBF92302-2220-4699-A2CC-E2971F85035B}.Release|Any CPU.Build.0 = Release|Any CPU
		{45D169A8-A849-4C87-9E9A-24F0DC6A90CD}.Debug|Any CPU.ActiveCfg = Debug|Any CPU
		{45D169A8-A849-4C87-9E9A-24F0DC6A90CD}.Debug|Any CPU.Build.0 = Debug|Any CPU
		{45D169A8-A849-4C87-9E9A-24F0DC6A90CD}.Release|Any CPU.ActiveCfg = Release|Any CPU
		{45D169A8-A849-4C87-9E9A-24F0DC6A90CD}.Release|Any CPU.Build.0 = Release|Any CPU
	EndGlobalSection
	GlobalSection(SolutionProperties) = preSolution
		HideSolutionNode = FALSE
	EndGlobalSection
EndGlobal
