
Microsoft Visual Studio Solution File, Format Version 12.00
# Visual Studio Version 17
VisualStudioVersion = 17.12.35527.113 d17.12
MinimumVisualStudioVersion = 10.0.40219.1
Project("{FAE04EC0-301F-11D3-BF4B-00C04F79EFBC}") = "pr08", "pr08.csproj", "{D039665A-7300-4A97-B6C3-B5FB7A7D85AD}"
EndProject
Global
	GlobalSection(SolutionConfigurationPlatforms) = preSolution
		Debug|Any CPU = Debug|Any CPU
		Release|Any CPU = Release|Any CPU
	EndGlobalSection
	GlobalSection(ProjectConfigurationPlatforms) = postSolution
		{D039665A-7300-4A97-B6C3-B5FB7A7D85AD}.Debug|Any CPU.ActiveCfg = Debug|Any CPU
		{D039665A-7300-4A97-B6C3-B5FB7A7D85AD}.Debug|Any CPU.Build.0 = Debug|Any CPU
		{D039665A-7300-4A97-B6C3-B5FB7A7D85AD}.Release|Any CPU.ActiveCfg = Release|Any CPU
		{D039665A-7300-4A97-B6C3-B5FB7A7D85AD}.Release|Any CPU.Build.0 = Release|Any CPU
	EndGlobalSection
	GlobalSection(SolutionProperties) = preSolution
		HideSolutionNode = FALSE
	EndGlobalSection
EndGlobal
