
Microsoft Visual Studio Solution File, Format Version 12.00
# Visual Studio Version 17
VisualStudioVersion = 17.12.35527.113 d17.12
MinimumVisualStudioVersion = 10.0.40219.1
Project("{FAE04EC0-301F-11D3-BF4B-00C04F79EFBC}") = "pr15", "pr15.csproj", "{82A12B2D-A39F-4E55-8F4C-0D088C156324}"
EndProject
Global
	GlobalSection(SolutionConfigurationPlatforms) = preSolution
		Debug|Any CPU = Debug|Any CPU
		Release|Any CPU = Release|Any CPU
	EndGlobalSection
	GlobalSection(ProjectConfigurationPlatforms) = postSolution
		{82A12B2D-A39F-4E55-8F4C-0D088C156324}.Debug|Any CPU.ActiveCfg = Debug|Any CPU
		{82A12B2D-A39F-4E55-8F4C-0D088C156324}.Debug|Any CPU.Build.0 = Debug|Any CPU
		{82A12B2D-A39F-4E55-8F4C-0D088C156324}.Release|Any CPU.ActiveCfg = Release|Any CPU
		{82A12B2D-A39F-4E55-8F4C-0D088C156324}.Release|Any CPU.Build.0 = Release|Any CPU
	EndGlobalSection
	GlobalSection(SolutionProperties) = preSolution
		HideSolutionNode = FALSE
	EndGlobalSection
EndGlobal
