
Microsoft Visual Studio Solution File, Format Version 12.00
# Visual Studio Version 17
VisualStudioVersion = 17.12.35527.113 d17.12
MinimumVisualStudioVersion = 10.0.40219.1
Project("{FAE04EC0-301F-11D3-BF4B-00C04F79EFBC}") = "Task4", "Task4.csproj", "{6FAB763C-D914-4958-B7A1-0A4E388A8FA5}"
EndProject
Project("{FAE04EC0-301F-11D3-BF4B-00C04F79EFBC}") = "Task5", "..\fwefwefwefwef\Task5.csproj", "{37D8F076-01DB-4F7D-9B80-EE1E8023F6A8}"
EndProject
Project("{FAE04EC0-301F-11D3-BF4B-00C04F79EFBC}") = "task1", "..\task1\task1.csproj", "{3AFB17B3-8530-42DF-B4F0-459D113C28BE}"
EndProject
Project("{FAE04EC0-301F-11D3-BF4B-00C04F79EFBC}") = "TAsk2", "..\TAsk2\TAsk2.csproj", "{F8148BC5-C59C-4849-9D9D-652BD114EE12}"
EndProject
Global
	GlobalSection(SolutionConfigurationPlatforms) = preSolution
		Debug|Any CPU = Debug|Any CPU
		Release|Any CPU = Release|Any CPU
	EndGlobalSection
	GlobalSection(ProjectConfigurationPlatforms) = postSolution
		{6FAB763C-D914-4958-B7A1-0A4E388A8FA5}.Debug|Any CPU.ActiveCfg = Debug|Any CPU
		{6FAB763C-D914-4958-B7A1-0A4E388A8FA5}.Debug|Any CPU.Build.0 = Debug|Any CPU
		{6FAB763C-D914-4958-B7A1-0A4E388A8FA5}.Release|Any CPU.ActiveCfg = Release|Any CPU
		{6FAB763C-D914-4958-B7A1-0A4E388A8FA5}.Release|Any CPU.Build.0 = Release|Any CPU
		{37D8F076-01DB-4F7D-9B80-EE1E8023F6A8}.Debug|Any CPU.ActiveCfg = Debug|Any CPU
		{37D8F076-01DB-4F7D-9B80-EE1E8023F6A8}.Debug|Any CPU.Build.0 = Debug|Any CPU
		{37D8F076-01DB-4F7D-9B80-EE1E8023F6A8}.Release|Any CPU.ActiveCfg = Release|Any CPU
		{37D8F076-01DB-4F7D-9B80-EE1E8023F6A8}.Release|Any CPU.Build.0 = Release|Any CPU
		{3AFB17B3-8530-42DF-B4F0-459D113C28BE}.Debug|Any CPU.ActiveCfg = Debug|Any CPU
		{3AFB17B3-8530-42DF-B4F0-459D113C28BE}.Debug|Any CPU.Build.0 = Debug|Any CPU
		{3AFB17B3-8530-42DF-B4F0-459D113C28BE}.Release|Any CPU.ActiveCfg = Release|Any CPU
		{3AFB17B3-8530-42DF-B4F0-459D113C28BE}.Release|Any CPU.Build.0 = Release|Any CPU
		{F8148BC5-C59C-4849-9D9D-652BD114EE12}.Debug|Any CPU.ActiveCfg = Debug|Any CPU
		{F8148BC5-C59C-4849-9D9D-652BD114EE12}.Debug|Any CPU.Build.0 = Debug|Any CPU
		{F8148BC5-C59C-4849-9D9D-652BD114EE12}.Release|Any CPU.ActiveCfg = Release|Any CPU
		{F8148BC5-C59C-4849-9D9D-652BD114EE12}.Release|Any CPU.Build.0 = Release|Any CPU
	EndGlobalSection
	GlobalSection(SolutionProperties) = preSolution
		HideSolutionNode = FALSE
	EndGlobalSection
EndGlobal
