
Microsoft Visual Studio Solution File, Format Version 12.00
# Visual Studio Version 17
VisualStudioVersion = 17.12.35527.113 d17.12
MinimumVisualStudioVersion = 10.0.40219.1
Project("{FAE04EC0-301F-11D3-BF4B-00C04F79EFBC}") = "pr20", "pr20.csproj", "{AEF776BD-0098-4451-AFD4-9E1D0925C98D}"
EndProject
Project("{FAE04EC0-301F-11D3-BF4B-00C04F79EFBC}") = "UnitTestProject1", "..\UnitTestProject1\UnitTestProject1.csproj", "{6BCE36EA-3129-421E-8B7E-5F58B788DD06}"
EndProject
Global
	GlobalSection(SolutionConfigurationPlatforms) = preSolution
		Debug|Any CPU = Debug|Any CPU
		Release|Any CPU = Release|Any CPU
	EndGlobalSection
	GlobalSection(ProjectConfigurationPlatforms) = postSolution
		{AEF776BD-0098-4451-AFD4-9E1D0925C98D}.Debug|Any CPU.ActiveCfg = Debug|Any CPU
		{AEF776BD-0098-4451-AFD4-9E1D0925C98D}.Debug|Any CPU.Build.0 = Debug|Any CPU
		{AEF776BD-0098-4451-AFD4-9E1D0925C98D}.Release|Any CPU.ActiveCfg = Release|Any CPU
		{AEF776BD-0098-4451-AFD4-9E1D0925C98D}.Release|Any CPU.Build.0 = Release|Any CPU
		{6BCE36EA-3129-421E-8B7E-5F58B788DD06}.Debug|Any CPU.ActiveCfg = Debug|Any CPU
		{6BCE36EA-3129-421E-8B7E-5F58B788DD06}.Debug|Any CPU.Build.0 = Debug|Any CPU
		{6BCE36EA-3129-421E-8B7E-5F58B788DD06}.Release|Any CPU.ActiveCfg = Release|Any CPU
		{6BCE36EA-3129-421E-8B7E-5F58B788DD06}.Release|Any CPU.Build.0 = Release|Any CPU
	EndGlobalSection
	GlobalSection(SolutionProperties) = preSolution
		HideSolutionNode = FALSE
	EndGlobalSection
EndGlobal
