
Microsoft Visual Studio Solution File, Format Version 12.00
# Visual Studio Version 17
VisualStudioVersion = 17.12.35527.113 d17.12
MinimumVisualStudioVersion = 10.0.40219.1
Project("{FAE04EC0-301F-11D3-BF4B-00C04F79EFBC}") = "pr21-test", "pr21-test.csproj", "{23846730-F2BC-4438-A319-98781B3ABCAD}"
EndProject
Global
	GlobalSection(SolutionConfigurationPlatforms) = preSolution
		Debug|Any CPU = Debug|Any CPU
		Release|Any CPU = Release|Any CPU
	EndGlobalSection
	GlobalSection(ProjectConfigurationPlatforms) = postSolution
		{23846730-F2BC-4438-A319-98781B3ABCAD}.Debug|Any CPU.ActiveCfg = Debug|Any CPU
		{23846730-F2BC-4438-A319-98781B3ABCAD}.Debug|Any CPU.Build.0 = Debug|Any CPU
		{23846730-F2BC-4438-A319-98781B3ABCAD}.Release|Any CPU.ActiveCfg = Release|Any CPU
		{23846730-F2BC-4438-A319-98781B3ABCAD}.Release|Any CPU.Build.0 = Release|Any CPU
	EndGlobalSection
	GlobalSection(SolutionProperties) = preSolution
		HideSolutionNode = FALSE
	EndGlobalSection
EndGlobal
